
Microsoft Visual Studio Solution File, Format Version 12.00
# Visual Studio 15
VisualStudioVersion = 15.0.28307.329
MinimumVisualStudioVersion = 10.0.40219.1
Project("{FAE04EC0-301F-11D3-BF4B-00C04F79EFBC}") = "ders 44 küp hesaplayan metot", "ders 44 küp hesaplayan metot\ders 44 küp hesaplayan metot.csproj", "{BE1A1150-5F45-41C6-BA13-DE5F8090F493}"
EndProject
Global
	GlobalSection(SolutionConfigurationPlatforms) = preSolution
		Debug|Any CPU = Debug|Any CPU
		Release|Any CPU = Release|Any CPU
	EndGlobalSection
	GlobalSection(ProjectConfigurationPlatforms) = postSolution
		{BE1A1150-5F45-41C6-BA13-DE5F8090F493}.Debug|Any CPU.ActiveCfg = Debug|Any CPU
		{BE1A1150-5F45-41C6-BA13-DE5F8090F493}.Debug|Any CPU.Build.0 = Debug|Any CPU
		{BE1A1150-5F45-41C6-BA13-DE5F8090F493}.Release|Any CPU.ActiveCfg = Release|Any CPU
		{BE1A1150-5F45-41C6-BA13-DE5F8090F493}.Release|Any CPU.Build.0 = Release|Any CPU
	EndGlobalSection
	GlobalSection(SolutionProperties) = preSolution
		HideSolutionNode = FALSE
	EndGlobalSection
	GlobalSection(ExtensibilityGlobals) = postSolution
		SolutionGuid = {05B47A29-33D5-43E7-8534-2156E665BFA1}
	EndGlobalSection
EndGlobal
